
Microsoft Visual Studio Solution File, Format Version 12.00
# Visual Studio 15
VisualStudioVersion = 15.0.26124.0
MinimumVisualStudioVersion = 15.0.26124.0
Project("{2150E333-8FDC-42A3-9474-1A3956D46DE8}") = "src", "src", "{A79BD5EC-0BD0-4815-94C7-44F83133F8FF}"
EndProject
Project("{FAE04EC0-301F-11D3-BF4B-00C04F79EFBC}") = "GradeBook", "src\GradeBook\GradeBook.csproj", "{0838E1E8-3578-4B66-B386-A287D6A586A4}"
EndProject
Project("{2150E333-8FDC-42A3-9474-1A3956D46DE8}") = "test", "test", "{7641DB3C-9EED-40D0-BEE0-14B90CB6167E}"
EndProject
Project("{FAE04EC0-301F-11D3-BF4B-00C04F79EFBC}") = "GradeBook.Tests", "test\GradeBook.Tests\GradeBook.Tests.csproj", "{F8F2006D-D5BC-493D-AA9D-27A2546C32D0}"
EndProject
Global
	GlobalSection(SolutionConfigurationPlatforms) = preSolution
		Debug|Any CPU = Debug|Any CPU
		Debug|x64 = Debug|x64
		Debug|x86 = Debug|x86
		Release|Any CPU = Release|Any CPU
		Release|x64 = Release|x64
		Release|x86 = Release|x86
	EndGlobalSection
	GlobalSection(SolutionProperties) = preSolution
		HideSolutionNode = FALSE
	EndGlobalSection
	GlobalSection(ProjectConfigurationPlatforms) = postSolution
		{0838E1E8-3578-4B66-B386-A287D6A586A4}.Debug|Any CPU.ActiveCfg = Debug|Any CPU
		{0838E1E8-3578-4B66-B386-A287D6A586A4}.Debug|Any CPU.Build.0 = Debug|Any CPU
		{0838E1E8-3578-4B66-B386-A287D6A586A4}.Debug|x64.ActiveCfg = Debug|Any CPU
		{0838E1E8-3578-4B66-B386-A287D6A586A4}.Debug|x64.Build.0 = Debug|Any CPU
		{0838E1E8-3578-4B66-B386-A287D6A586A4}.Debug|x86.ActiveCfg = Debug|Any CPU
		{0838E1E8-3578-4B66-B386-A287D6A586A4}.Debug|x86.Build.0 = Debug|Any CPU
		{0838E1E8-3578-4B66-B386-A287D6A586A4}.Release|Any CPU.ActiveCfg = Release|Any CPU
		{0838E1E8-3578-4B66-B386-A287D6A586A4}.Release|Any CPU.Build.0 = Release|Any CPU
		{0838E1E8-3578-4B66-B386-A287D6A586A4}.Release|x64.ActiveCfg = Release|Any CPU
		{0838E1E8-3578-4B66-B386-A287D6A586A4}.Release|x64.Build.0 = Release|Any CPU
		{0838E1E8-3578-4B66-B386-A287D6A586A4}.Release|x86.ActiveCfg = Release|Any CPU
		{0838E1E8-3578-4B66-B386-A287D6A586A4}.Release|x86.Build.0 = Release|Any CPU
		{F8F2006D-D5BC-493D-AA9D-27A2546C32D0}.Debug|Any CPU.ActiveCfg = Debug|Any CPU
		{F8F2006D-D5BC-493D-AA9D-27A2546C32D0}.Debug|Any CPU.Build.0 = Debug|Any CPU
		{F8F2006D-D5BC-493D-AA9D-27A2546C32D0}.Debug|x64.ActiveCfg = Debug|Any CPU
		{F8F2006D-D5BC-493D-AA9D-27A2546C32D0}.Debug|x64.Build.0 = Debug|Any CPU
		{F8F2006D-D5BC-493D-AA9D-27A2546C32D0}.Debug|x86.ActiveCfg = Debug|Any CPU
		{F8F2006D-D5BC-493D-AA9D-27A2546C32D0}.Debug|x86.Build.0 = Debug|Any CPU
		{F8F2006D-D5BC-493D-AA9D-27A2546C32D0}.Release|Any CPU.ActiveCfg = Release|Any CPU
		{F8F2006D-D5BC-493D-AA9D-27A2546C32D0}.Release|Any CPU.Build.0 = Release|Any CPU
		{F8F2006D-D5BC-493D-AA9D-27A2546C32D0}.Release|x64.ActiveCfg = Release|Any CPU
		{F8F2006D-D5BC-493D-AA9D-27A2546C32D0}.Release|x64.Build.0 = Release|Any CPU
		{F8F2006D-D5BC-493D-AA9D-27A2546C32D0}.Release|x86.ActiveCfg = Release|Any CPU
		{F8F2006D-D5BC-493D-AA9D-27A2546C32D0}.Release|x86.Build.0 = Release|Any CPU
	EndGlobalSection
	GlobalSection(NestedProjects) = preSolution
		{0838E1E8-3578-4B66-B386-A287D6A586A4} = {A79BD5EC-0BD0-4815-94C7-44F83133F8FF}
		{F8F2006D-D5BC-493D-AA9D-27A2546C32D0} = {7641DB3C-9EED-40D0-BEE0-14B90CB6167E}
	EndGlobalSection
EndGlobal
